
Microsoft Visual Studio Solution File, Format Version 12.00
# Visual Studio Version 17
VisualStudioVersion = 17.2.32630.192
MinimumVisualStudioVersion = 10.0.40219.1
Project("{FAE04EC0-301F-11D3-BF4B-00C04F79EFBC}") = "ClubManagementSystem", "ClubManagementSystem.csproj", "{3CEF0D52-BD21-4684-9CF8-C398E4BDD94F}"
EndProject
Global
	GlobalSection(SolutionConfigurationPlatforms) = preSolution
		Debug|Any CPU = Debug|Any CPU
		Release|Any CPU = Release|Any CPU
	EndGlobalSection
	GlobalSection(ProjectConfigurationPlatforms) = postSolution
		{3CEF0D52-BD21-4684-9CF8-C398E4BDD94F}.Debug|Any CPU.ActiveCfg = Debug|Any CPU
		{3CEF0D52-BD21-4684-9CF8-C398E4BDD94F}.Debug|Any CPU.Build.0 = Debug|Any CPU
		{3CEF0D52-BD21-4684-9CF8-C398E4BDD94F}.Release|Any CPU.ActiveCfg = Release|Any CPU
		{3CEF0D52-BD21-4684-9CF8-C398E4BDD94F}.Release|Any CPU.Build.0 = Release|Any CPU
	EndGlobalSection
	GlobalSection(SolutionProperties) = preSolution
		HideSolutionNode = FALSE
	EndGlobalSection
	GlobalSection(ExtensibilityGlobals) = postSolution
		SolutionGuid = {3ECA3BF0-A3DF-4436-B374-31DF8403DDFE}
	EndGlobalSection
EndGlobal
